
Microsoft Visual Studio Solution File, Format Version 12.00
# Visual Studio Version 17
VisualStudioVersion = 17.10.35027.167
MinimumVisualStudioVersion = 10.0.40219.1
Project("{FAE04EC0-301F-11D3-BF4B-00C04F79EFBC}") = "MonitorFileLogs", "MonitorFileLogs\MonitorFileLogs.csproj", "{84473E36-BBA0-48C9-A6A7-79273264FFDB}"
EndProject
Global
	GlobalSection(SolutionConfigurationPlatforms) = preSolution
		Debug|Any CPU = Debug|Any CPU
		Release|Any CPU = Release|Any CPU
	EndGlobalSection
	GlobalSection(ProjectConfigurationPlatforms) = postSolution
		{84473E36-BBA0-48C9-A6A7-79273264FFDB}.Debug|Any CPU.ActiveCfg = Debug|Any CPU
		{84473E36-BBA0-48C9-A6A7-79273264FFDB}.Debug|Any CPU.Build.0 = Debug|Any CPU
		{84473E36-BBA0-48C9-A6A7-79273264FFDB}.Release|Any CPU.ActiveCfg = Release|Any CPU
		{84473E36-BBA0-48C9-A6A7-79273264FFDB}.Release|Any CPU.Build.0 = Release|Any CPU
	EndGlobalSection
	GlobalSection(SolutionProperties) = preSolution
		HideSolutionNode = FALSE
	EndGlobalSection
	GlobalSection(ExtensibilityGlobals) = postSolution
		SolutionGuid = {DCC418F7-61EE-4B02-9D8F-438619A24D92}
	EndGlobalSection
EndGlobal
